
Microsoft Visual Studio Solution File, Format Version 12.00
# Visual Studio Version 17
VisualStudioVersion = 17.7.34202.233
MinimumVisualStudioVersion = 10.0.40219.1
Project("{FAE04EC0-301F-11D3-BF4B-00C04F79EFBC}") = "Borda Bertram 10.25", "Borda Bertram 10.25.csproj", "{38C8C3ED-6DA7-4335-B3E6-C1DDD924B3D0}"
EndProject
Global
	GlobalSection(SolutionConfigurationPlatforms) = preSolution
		Debug|Any CPU = Debug|Any CPU
		Release|Any CPU = Release|Any CPU
	EndGlobalSection
	GlobalSection(ProjectConfigurationPlatforms) = postSolution
		{38C8C3ED-6DA7-4335-B3E6-C1DDD924B3D0}.Debug|Any CPU.ActiveCfg = Debug|Any CPU
		{38C8C3ED-6DA7-4335-B3E6-C1DDD924B3D0}.Debug|Any CPU.Build.0 = Debug|Any CPU
		{38C8C3ED-6DA7-4335-B3E6-C1DDD924B3D0}.Release|Any CPU.ActiveCfg = Release|Any CPU
		{38C8C3ED-6DA7-4335-B3E6-C1DDD924B3D0}.Release|Any CPU.Build.0 = Release|Any CPU
	EndGlobalSection
	GlobalSection(SolutionProperties) = preSolution
		HideSolutionNode = FALSE
	EndGlobalSection
	GlobalSection(ExtensibilityGlobals) = postSolution
		SolutionGuid = {47CEAE49-46C4-46B9-87C4-6266F3FB884B}
	EndGlobalSection
EndGlobal
